// !$*UTF8*$!
{
	archiveVersion = 1;
	classes = {
	};
	objectVersion = 56;
	objects = {

/* Begin PBXBuildFile section */
		5D186E4C2BC5F597009233FB /* ViewModifiers.swift in Sources */ = {isa = PBXBuildFile; fileRef = 5D186E4B2BC5F597009233FB /* ViewModifiers.swift */; };
		5D27D6E32BC0411A005737B1 /* AsyncButton.swift in Sources */ = {isa = PBXBuildFile; fileRef = 5D27D6E22BC0411A005737B1 /* AsyncButton.swift */; };
		5D29FCBD2B38D26C001093FC /* ChristmasTree2.swift in Sources */ = {isa = PBXBuildFile; fileRef = 5D29FCBC2B38D26C001093FC /* ChristmasTree2.swift */; };
		5D50E8E22B36DB8A00048370 /* ChristmasTree.swift in Sources */ = {isa = PBXBuildFile; fileRef = 5D50E8E12B36DB8A00048370 /* ChristmasTree.swift */; };
		5D50E8E42B36DBD100048370 /* Triangle.swift in Sources */ = {isa = PBXBuildFile; fileRef = 5D50E8E32B36DBD100048370 /* Triangle.swift */; };
		5D50E8E62B36DBE300048370 /* Star.swift in Sources */ = {isa = PBXBuildFile; fileRef = 5D50E8E52B36DBE300048370 /* Star.swift */; };
		5D50E8E82B36E86100048370 /* WeatherInfoSwing.swift in Sources */ = {isa = PBXBuildFile; fileRef = 5D50E8E72B36E86100048370 /* WeatherInfoSwing.swift */; };
		5D57C5342ABC6D6E004C38E7 /* SwiftUIPracticeApp.swift in Sources */ = {isa = PBXBuildFile; fileRef = 5D57C5332ABC6D6E004C38E7 /* SwiftUIPracticeApp.swift */; };
		5D57C5362ABC6D6E004C38E7 /* ContentView.swift in Sources */ = {isa = PBXBuildFile; fileRef = 5D57C5352ABC6D6E004C38E7 /* ContentView.swift */; };
		5D57C5382ABC6D6F004C38E7 /* Assets.xcassets in Resources */ = {isa = PBXBuildFile; fileRef = 5D57C5372ABC6D6F004C38E7 /* Assets.xcassets */; };
		5D57C53B2ABC6D6F004C38E7 /* Preview Assets.xcassets in Resources */ = {isa = PBXBuildFile; fileRef = 5D57C53A2ABC6D6F004C38E7 /* Preview Assets.xcassets */; };
		5D57C5422ABC73A8004C38E7 /* NotificationView.swift in Sources */ = {isa = PBXBuildFile; fileRef = 5D57C5412ABC73A8004C38E7 /* NotificationView.swift */; };
		5D57C5442ABC78EE004C38E7 /* CounterView.swift in Sources */ = {isa = PBXBuildFile; fileRef = 5D57C5432ABC78EE004C38E7 /* CounterView.swift */; };
		5D57C5472ABC7ABE004C38E7 /* Combine.swift in Sources */ = {isa = PBXBuildFile; fileRef = 5D57C5462ABC7ABE004C38E7 /* Combine.swift */; };
		5D57C54A2ABDA0BF004C38E7 /* DownloadJSONwithCombine.swift in Sources */ = {isa = PBXBuildFile; fileRef = 5D57C5492ABDA0BF004C38E7 /* DownloadJSONwithCombine.swift */; };
		5D57C54D2ABDA335004C38E7 /* PostModel.swift in Sources */ = {isa = PBXBuildFile; fileRef = 5D57C54C2ABDA335004C38E7 /* PostModel.swift */; };
		5D57C54F2ABDA36C004C38E7 /* DownloadVM.swift in Sources */ = {isa = PBXBuildFile; fileRef = 5D57C54E2ABDA36C004C38E7 /* DownloadVM.swift */; };
		5D6C39A32AC16F7800F58D7B /* SnowingAnimation.swift in Sources */ = {isa = PBXBuildFile; fileRef = 5D6C39A22AC16F7800F58D7B /* SnowingAnimation.swift */; };
		5D710DE42B38DABB0096BDE5 /* MiddleFingerPopUp.swift in Sources */ = {isa = PBXBuildFile; fileRef = 5D710DE32B38DABB0096BDE5 /* MiddleFingerPopUp.swift */; };
		5D79311E2B49853200A1335E /* Router.swift in Sources */ = {isa = PBXBuildFile; fileRef = 5D79311D2B49853200A1335E /* Router.swift */; };
		5D7931212B4990CC00A1335E /* HomeView.swift in Sources */ = {isa = PBXBuildFile; fileRef = 5D7931202B4990CC00A1335E /* HomeView.swift */; };
		5D7931232B4990E100A1335E /* LivingRoomView.swift in Sources */ = {isa = PBXBuildFile; fileRef = 5D7931222B4990E100A1335E /* LivingRoomView.swift */; };
		5D7931252B4990FB00A1335E /* BedRoomView.swift in Sources */ = {isa = PBXBuildFile; fileRef = 5D7931242B4990FB00A1335E /* BedRoomView.swift */; };
		5D7E7E9B2AC1C843007DD4C2 /* Transition.swift in Sources */ = {isa = PBXBuildFile; fileRef = 5D7E7E9A2AC1C843007DD4C2 /* Transition.swift */; };
		5D7E7E9D2AC1D479007DD4C2 /* BorderLineAnimation.swift in Sources */ = {isa = PBXBuildFile; fileRef = 5D7E7E9C2AC1D479007DD4C2 /* BorderLineAnimation.swift */; };
		5D8776392AC32B2D00181790 /* RatingBars.swift in Sources */ = {isa = PBXBuildFile; fileRef = 5D8776382AC32B2D00181790 /* RatingBars.swift */; };
		5D9845E82AC4472400FA420A /* CrawlingText.swift in Sources */ = {isa = PBXBuildFile; fileRef = 5D9845E72AC4472400FA420A /* CrawlingText.swift */; };
		5DA5C0882ACC243700862E11 /* MatchedGeometryEffect.swift in Sources */ = {isa = PBXBuildFile; fileRef = 5DA5C0872ACC243700862E11 /* MatchedGeometryEffect.swift */; };
		5DCA93172BFFADBE00C7390B /* Practicee.swift in Sources */ = {isa = PBXBuildFile; fileRef = 5DCA93162BFFADBE00C7390B /* Practicee.swift */; };
		5DE6D2372B581C1F00823338 /* RouterView2.swift in Sources */ = {isa = PBXBuildFile; fileRef = 5DE6D2362B581C1F00823338 /* RouterView2.swift */; };
		5DE6D2392B581C8900823338 /* Router2Views.swift in Sources */ = {isa = PBXBuildFile; fileRef = 5DE6D2382B581C8900823338 /* Router2Views.swift */; };
		5DEA95EE2C0B6411001C86C0 /* RoomInfo.swift in Sources */ = {isa = PBXBuildFile; fileRef = 5DEA95ED2C0B6411001C86C0 /* RoomInfo.swift */; };
		5DEA95F02C0B646D001C86C0 /* RoomDetailView.swift in Sources */ = {isa = PBXBuildFile; fileRef = 5DEA95EF2C0B646D001C86C0 /* RoomDetailView.swift */; };
		5DEA95F22C0B649B001C86C0 /* RoomListview.swift in Sources */ = {isa = PBXBuildFile; fileRef = 5DEA95F12C0B649B001C86C0 /* RoomListview.swift */; };
		5DEA95F42C0B6572001C86C0 /* PaintsInfo.swift in Sources */ = {isa = PBXBuildFile; fileRef = 5DEA95F32C0B6572001C86C0 /* PaintsInfo.swift */; };
		5DEA95F72C0B66C8001C86C0 /* HomeListView.swift in Sources */ = {isa = PBXBuildFile; fileRef = 5DEA95F62C0B66C8001C86C0 /* HomeListView.swift */; };
		5DEA95F92C0BB443001C86C0 /* SwiftUIView.swift in Sources */ = {isa = PBXBuildFile; fileRef = 5DEA95F82C0BB443001C86C0 /* SwiftUIView.swift */; };
/* End PBXBuildFile section */

/* Begin PBXFileReference section */
		5D186E4B2BC5F597009233FB /* ViewModifiers.swift */ = {isa = PBXFileReference; lastKnownFileType = sourcecode.swift; path = ViewModifiers.swift; sourceTree = "<group>"; };
		5D27D6E22BC0411A005737B1 /* AsyncButton.swift */ = {isa = PBXFileReference; lastKnownFileType = sourcecode.swift; path = AsyncButton.swift; sourceTree = "<group>"; };
		5D29FCBC2B38D26C001093FC /* ChristmasTree2.swift */ = {isa = PBXFileReference; lastKnownFileType = sourcecode.swift; path = ChristmasTree2.swift; sourceTree = "<group>"; };
		5D50E8E12B36DB8A00048370 /* ChristmasTree.swift */ = {isa = PBXFileReference; lastKnownFileType = sourcecode.swift; path = ChristmasTree.swift; sourceTree = "<group>"; };
		5D50E8E32B36DBD100048370 /* Triangle.swift */ = {isa = PBXFileReference; lastKnownFileType = sourcecode.swift; path = Triangle.swift; sourceTree = "<group>"; };
		5D50E8E52B36DBE300048370 /* Star.swift */ = {isa = PBXFileReference; lastKnownFileType = sourcecode.swift; path = Star.swift; sourceTree = "<group>"; };
		5D50E8E72B36E86100048370 /* WeatherInfoSwing.swift */ = {isa = PBXFileReference; lastKnownFileType = sourcecode.swift; path = WeatherInfoSwing.swift; sourceTree = "<group>"; };
		5D57C5302ABC6D6E004C38E7 /* SwiftUIPractice.app */ = {isa = PBXFileReference; explicitFileType = wrapper.application; includeInIndex = 0; path = SwiftUIPractice.app; sourceTree = BUILT_PRODUCTS_DIR; };
		5D57C5332ABC6D6E004C38E7 /* SwiftUIPracticeApp.swift */ = {isa = PBXFileReference; lastKnownFileType = sourcecode.swift; path = SwiftUIPracticeApp.swift; sourceTree = "<group>"; };
		5D57C5352ABC6D6E004C38E7 /* ContentView.swift */ = {isa = PBXFileReference; lastKnownFileType = sourcecode.swift; path = ContentView.swift; sourceTree = "<group>"; };
		5D57C5372ABC6D6F004C38E7 /* Assets.xcassets */ = {isa = PBXFileReference; lastKnownFileType = folder.assetcatalog; path = Assets.xcassets; sourceTree = "<group>"; };
		5D57C53A2ABC6D6F004C38E7 /* Preview Assets.xcassets */ = {isa = PBXFileReference; lastKnownFileType = folder.assetcatalog; path = "Preview Assets.xcassets"; sourceTree = "<group>"; };
		5D57C5412ABC73A8004C38E7 /* NotificationView.swift */ = {isa = PBXFileReference; lastKnownFileType = sourcecode.swift; path = NotificationView.swift; sourceTree = "<group>"; };
		5D57C5432ABC78EE004C38E7 /* CounterView.swift */ = {isa = PBXFileReference; lastKnownFileType = sourcecode.swift; path = CounterView.swift; sourceTree = "<group>"; };
		5D57C5462ABC7ABE004C38E7 /* Combine.swift */ = {isa = PBXFileReference; lastKnownFileType = sourcecode.swift; path = Combine.swift; sourceTree = "<group>"; };
		5D57C5492ABDA0BF004C38E7 /* DownloadJSONwithCombine.swift */ = {isa = PBXFileReference; lastKnownFileType = sourcecode.swift; path = DownloadJSONwithCombine.swift; sourceTree = "<group>"; };
		5D57C54C2ABDA335004C38E7 /* PostModel.swift */ = {isa = PBXFileReference; lastKnownFileType = sourcecode.swift; path = PostModel.swift; sourceTree = "<group>"; };
		5D57C54E2ABDA36C004C38E7 /* DownloadVM.swift */ = {isa = PBXFileReference; lastKnownFileType = sourcecode.swift; path = DownloadVM.swift; sourceTree = "<group>"; };
		5D6C39A22AC16F7800F58D7B /* SnowingAnimation.swift */ = {isa = PBXFileReference; lastKnownFileType = sourcecode.swift; path = SnowingAnimation.swift; sourceTree = "<group>"; };
		5D710DE32B38DABB0096BDE5 /* MiddleFingerPopUp.swift */ = {isa = PBXFileReference; lastKnownFileType = sourcecode.swift; path = MiddleFingerPopUp.swift; sourceTree = "<group>"; };
		5D79311D2B49853200A1335E /* Router.swift */ = {isa = PBXFileReference; lastKnownFileType = sourcecode.swift; path = Router.swift; sourceTree = "<group>"; };
		5D7931202B4990CC00A1335E /* HomeView.swift */ = {isa = PBXFileReference; lastKnownFileType = sourcecode.swift; path = HomeView.swift; sourceTree = "<group>"; };
		5D7931222B4990E100A1335E /* LivingRoomView.swift */ = {isa = PBXFileReference; lastKnownFileType = sourcecode.swift; path = LivingRoomView.swift; sourceTree = "<group>"; };
		5D7931242B4990FB00A1335E /* BedRoomView.swift */ = {isa = PBXFileReference; lastKnownFileType = sourcecode.swift; path = BedRoomView.swift; sourceTree = "<group>"; };
		5D7E7E9A2AC1C843007DD4C2 /* Transition.swift */ = {isa = PBXFileReference; lastKnownFileType = sourcecode.swift; path = Transition.swift; sourceTree = "<group>"; };
		5D7E7E9C2AC1D479007DD4C2 /* BorderLineAnimation.swift */ = {isa = PBXFileReference; lastKnownFileType = sourcecode.swift; path = BorderLineAnimation.swift; sourceTree = "<group>"; };
		5D8776382AC32B2D00181790 /* RatingBars.swift */ = {isa = PBXFileReference; lastKnownFileType = sourcecode.swift; path = RatingBars.swift; sourceTree = "<group>"; };
		5D9845E72AC4472400FA420A /* CrawlingText.swift */ = {isa = PBXFileReference; lastKnownFileType = sourcecode.swift; path = CrawlingText.swift; sourceTree = "<group>"; };
		5DA5C0872ACC243700862E11 /* MatchedGeometryEffect.swift */ = {isa = PBXFileReference; lastKnownFileType = sourcecode.swift; path = MatchedGeometryEffect.swift; sourceTree = "<group>"; };
		5DCA93162BFFADBE00C7390B /* Practicee.swift */ = {isa = PBXFileReference; lastKnownFileType = sourcecode.swift; path = Practicee.swift; sourceTree = "<group>"; };
		5DE6D2362B581C1F00823338 /* RouterView2.swift */ = {isa = PBXFileReference; lastKnownFileType = sourcecode.swift; path = RouterView2.swift; sourceTree = "<group>"; };
		5DE6D2382B581C8900823338 /* Router2Views.swift */ = {isa = PBXFileReference; lastKnownFileType = sourcecode.swift; path = Router2Views.swift; sourceTree = "<group>"; };
		5DEA95ED2C0B6411001C86C0 /* RoomInfo.swift */ = {isa = PBXFileReference; lastKnownFileType = sourcecode.swift; path = RoomInfo.swift; sourceTree = "<group>"; };
		5DEA95EF2C0B646D001C86C0 /* RoomDetailView.swift */ = {isa = PBXFileReference; lastKnownFileType = sourcecode.swift; path = RoomDetailView.swift; sourceTree = "<group>"; };
		5DEA95F12C0B649B001C86C0 /* RoomListview.swift */ = {isa = PBXFileReference; lastKnownFileType = sourcecode.swift; path = RoomListview.swift; sourceTree = "<group>"; };
		5DEA95F32C0B6572001C86C0 /* PaintsInfo.swift */ = {isa = PBXFileReference; lastKnownFileType = sourcecode.swift; path = PaintsInfo.swift; sourceTree = "<group>"; };
		5DEA95F62C0B66C8001C86C0 /* HomeListView.swift */ = {isa = PBXFileReference; lastKnownFileType = sourcecode.swift; path = HomeListView.swift; sourceTree = "<group>"; };
		5DEA95F82C0BB443001C86C0 /* SwiftUIView.swift */ = {isa = PBXFileReference; lastKnownFileType = sourcecode.swift; path = SwiftUIView.swift; sourceTree = "<group>"; };
/* End PBXFileReference section */

/* Begin PBXFrameworksBuildPhase section */
		5D57C52D2ABC6D6E004C38E7 /* Frameworks */ = {
			isa = PBXFrameworksBuildPhase;
			buildActionMask = 2147483647;
			files = (
			);
			runOnlyForDeploymentPostprocessing = 0;
		};
/* End PBXFrameworksBuildPhase section */

/* Begin PBXGroup section */
		5D27D6E12BC0410A005737B1 /* AsyncButton */ = {
			isa = PBXGroup;
			children = (
				5D27D6E22BC0411A005737B1 /* AsyncButton.swift */,
			);
			path = AsyncButton;
			sourceTree = "<group>";
		};
		5D50E8DD2B36DB3300048370 /* App */ = {
			isa = PBXGroup;
			children = (
				5D57C5332ABC6D6E004C38E7 /* SwiftUIPracticeApp.swift */,
			);
			path = App;
			sourceTree = "<group>";
		};
		5D50E8E02B36DB6400048370 /* DrawingFigures */ = {
			isa = PBXGroup;
			children = (
				5D50E8E12B36DB8A00048370 /* ChristmasTree.swift */,
				5D50E8E32B36DBD100048370 /* Triangle.swift */,
				5D50E8E52B36DBE300048370 /* Star.swift */,
			);
			path = DrawingFigures;
			sourceTree = "<group>";
		};
		5D57C5272ABC6D6E004C38E7 = {
			isa = PBXGroup;
			children = (
				5D57C5322ABC6D6E004C38E7 /* SwiftUIPractice */,
				5D57C5312ABC6D6E004C38E7 /* Products */,
			);
			sourceTree = "<group>";
		};
		5D57C5312ABC6D6E004C38E7 /* Products */ = {
			isa = PBXGroup;
			children = (
				5D57C5302ABC6D6E004C38E7 /* SwiftUIPractice.app */,
			);
			name = Products;
			sourceTree = "<group>";
		};
		5D57C5322ABC6D6E004C38E7 /* SwiftUIPractice */ = {
			isa = PBXGroup;
			children = (
				5D50E8DD2B36DB3300048370 /* App */,
				5D27D6E12BC0410A005737B1 /* AsyncButton */,
				5D79311A2B49839800A1335E /* Navigation */,
				5D50E8E02B36DB6400048370 /* DrawingFigures */,
				5D7E7E992AC1C813007DD4C2 /* Animation */,
				5D57C5452ABC7A38004C38E7 /* ObservableClass */,
				5D57C5412ABC73A8004C38E7 /* NotificationView.swift */,
				5D57C5482ABDA066004C38E7 /* CombineSection */,
				5D186E4B2BC5F597009233FB /* ViewModifiers.swift */,
				5DCA935D2C037F8900C7390B /* Test */,
				5D57C5372ABC6D6F004C38E7 /* Assets.xcassets */,
				5D57C5392ABC6D6F004C38E7 /* Preview Content */,
			);
			path = SwiftUIPractice;
			sourceTree = "<group>";
		};
		5D57C5392ABC6D6F004C38E7 /* Preview Content */ = {
			isa = PBXGroup;
			children = (
				5D57C53A2ABC6D6F004C38E7 /* Preview Assets.xcassets */,
			);
			path = "Preview Content";
			sourceTree = "<group>";
		};
		5D57C5452ABC7A38004C38E7 /* ObservableClass */ = {
			isa = PBXGroup;
			children = (
				5D57C5352ABC6D6E004C38E7 /* ContentView.swift */,
				5D57C5432ABC78EE004C38E7 /* CounterView.swift */,
			);
			path = ObservableClass;
			sourceTree = "<group>";
		};
		5D57C5482ABDA066004C38E7 /* CombineSection */ = {
			isa = PBXGroup;
			children = (
				5D57C5462ABC7ABE004C38E7 /* Combine.swift */,
				5D57C54B2ABDA318004C38E7 /* JSONDownload */,
			);
			path = CombineSection;
			sourceTree = "<group>";
		};
		5D57C54B2ABDA318004C38E7 /* JSONDownload */ = {
			isa = PBXGroup;
			children = (
				5D57C54C2ABDA335004C38E7 /* PostModel.swift */,
				5D57C5492ABDA0BF004C38E7 /* DownloadJSONwithCombine.swift */,
				5D57C54E2ABDA36C004C38E7 /* DownloadVM.swift */,
			);
			name = JSONDownload;
			sourceTree = "<group>";
		};
		5D79311A2B49839800A1335E /* Navigation */ = {
			isa = PBXGroup;
			children = (
				5DEA95EC2C0B63F8001C86C0 /* NavigationMedium */,
				5D79311F2B4990B300A1335E /* Router */,
				5DE6D2352B581BE300823338 /* Router2 */,
				5DEA95F82C0BB443001C86C0 /* SwiftUIView.swift */,
			);
			path = Navigation;
			sourceTree = "<group>";
		};
		5D79311F2B4990B300A1335E /* Router */ = {
			isa = PBXGroup;
			children = (
				5D79311D2B49853200A1335E /* Router.swift */,
				5D7931202B4990CC00A1335E /* HomeView.swift */,
				5D7931222B4990E100A1335E /* LivingRoomView.swift */,
				5D7931242B4990FB00A1335E /* BedRoomView.swift */,
			);
			path = Router;
			sourceTree = "<group>";
		};
		5D7E7E992AC1C813007DD4C2 /* Animation */ = {
			isa = PBXGroup;
			children = (
				5D6C39A22AC16F7800F58D7B /* SnowingAnimation.swift */,
				5D7E7E9C2AC1D479007DD4C2 /* BorderLineAnimation.swift */,
				5D7E7E9A2AC1C843007DD4C2 /* Transition.swift */,
				5D8776382AC32B2D00181790 /* RatingBars.swift */,
				5D9845E72AC4472400FA420A /* CrawlingText.swift */,
				5DA5C0872ACC243700862E11 /* MatchedGeometryEffect.swift */,
				5D50E8E72B36E86100048370 /* WeatherInfoSwing.swift */,
				5D29FCBC2B38D26C001093FC /* ChristmasTree2.swift */,
				5D710DE32B38DABB0096BDE5 /* MiddleFingerPopUp.swift */,
			);
			path = Animation;
			sourceTree = "<group>";
		};
		5DCA935D2C037F8900C7390B /* Test */ = {
			isa = PBXGroup;
			children = (
				5DCA93162BFFADBE00C7390B /* Practicee.swift */,
			);
			path = Test;
			sourceTree = "<group>";
		};
		5DE6D2352B581BE300823338 /* Router2 */ = {
			isa = PBXGroup;
			children = (
				5DE6D2362B581C1F00823338 /* RouterView2.swift */,
				5DE6D2382B581C8900823338 /* Router2Views.swift */,
			);
			path = Router2;
			sourceTree = "<group>";
		};
		5DEA95EC2C0B63F8001C86C0 /* NavigationMedium */ = {
			isa = PBXGroup;
			children = (
				5DEA95F52C0B658F001C86C0 /* Model */,
				5DEA95F62C0B66C8001C86C0 /* HomeListView.swift */,
				5DEA95EF2C0B646D001C86C0 /* RoomDetailView.swift */,
				5DEA95F12C0B649B001C86C0 /* RoomListview.swift */,
			);
			path = NavigationMedium;
			sourceTree = "<group>";
		};
		5DEA95F52C0B658F001C86C0 /* Model */ = {
			isa = PBXGroup;
			children = (
				5DEA95ED2C0B6411001C86C0 /* RoomInfo.swift */,
				5DEA95F32C0B6572001C86C0 /* PaintsInfo.swift */,
			);
			path = Model;
			sourceTree = "<group>";
		};
/* End PBXGroup section */

/* Begin PBXNativeTarget section */
		5D57C52F2ABC6D6E004C38E7 /* SwiftUIPractice */ = {
			isa = PBXNativeTarget;
			buildConfigurationList = 5D57C53E2ABC6D6F004C38E7 /* Build configuration list for PBXNativeTarget "SwiftUIPractice" */;
			buildPhases = (
				5D57C52C2ABC6D6E004C38E7 /* Sources */,
				5D57C52D2ABC6D6E004C38E7 /* Frameworks */,
				5D57C52E2ABC6D6E004C38E7 /* Resources */,
			);
			buildRules = (
			);
			dependencies = (
			);
			name = SwiftUIPractice;
			productName = SwiftUIPractice;
			productReference = 5D57C5302ABC6D6E004C38E7 /* SwiftUIPractice.app */;
			productType = "com.apple.product-type.application";
		};
/* End PBXNativeTarget section */

/* Begin PBXProject section */
		5D57C5282ABC6D6E004C38E7 /* Project object */ = {
			isa = PBXProject;
			attributes = {
				BuildIndependentTargetsInParallel = 1;
				LastSwiftUpdateCheck = 1500;
				LastUpgradeCheck = 1500;
				TargetAttributes = {
					5D57C52F2ABC6D6E004C38E7 = {
						CreatedOnToolsVersion = 15.0;
					};
				};
			};
			buildConfigurationList = 5D57C52B2ABC6D6E004C38E7 /* Build configuration list for PBXProject "SwiftUIPractice" */;
			compatibilityVersion = "Xcode 14.0";
			developmentRegion = en;
			hasScannedForEncodings = 0;
			knownRegions = (
				en,
				Base,
			);
			mainGroup = 5D57C5272ABC6D6E004C38E7;
			productRefGroup = 5D57C5312ABC6D6E004C38E7 /* Products */;
			projectDirPath = "";
			projectRoot = "";
			targets = (
				5D57C52F2ABC6D6E004C38E7 /* SwiftUIPractice */,
			);
		};
/* End PBXProject section */

/* Begin PBXResourcesBuildPhase section */
		5D57C52E2ABC6D6E004C38E7 /* Resources */ = {
			isa = PBXResourcesBuildPhase;
			buildActionMask = 2147483647;
			files = (
				5D57C53B2ABC6D6F004C38E7 /* Preview Assets.xcassets in Resources */,
				5D57C5382ABC6D6F004C38E7 /* Assets.xcassets in Resources */,
			);
			runOnlyForDeploymentPostprocessing = 0;
		};
/* End PBXResourcesBuildPhase section */

/* Begin PBXSourcesBuildPhase section */
		5D57C52C2ABC6D6E004C38E7 /* Sources */ = {
			isa = PBXSourcesBuildPhase;
			buildActionMask = 2147483647;
			files = (
				5DE6D2372B581C1F00823338 /* RouterView2.swift in Sources */,
				5D186E4C2BC5F597009233FB /* ViewModifiers.swift in Sources */,
				5DCA93172BFFADBE00C7390B /* Practicee.swift in Sources */,
				5DE6D2392B581C8900823338 /* Router2Views.swift in Sources */,
				5D79311E2B49853200A1335E /* Router.swift in Sources */,
				5D7931232B4990E100A1335E /* LivingRoomView.swift in Sources */,
				5DEA95EE2C0B6411001C86C0 /* RoomInfo.swift in Sources */,
				5D7E7E9B2AC1C843007DD4C2 /* Transition.swift in Sources */,
				5D7E7E9D2AC1D479007DD4C2 /* BorderLineAnimation.swift in Sources */,
				5D57C5362ABC6D6E004C38E7 /* ContentView.swift in Sources */,
				5D57C54A2ABDA0BF004C38E7 /* DownloadJSONwithCombine.swift in Sources */,
				5D50E8E22B36DB8A00048370 /* ChristmasTree.swift in Sources */,
				5D50E8E62B36DBE300048370 /* Star.swift in Sources */,
				5D9845E82AC4472400FA420A /* CrawlingText.swift in Sources */,
				5D8776392AC32B2D00181790 /* RatingBars.swift in Sources */,
				5D57C5342ABC6D6E004C38E7 /* SwiftUIPracticeApp.swift in Sources */,
				5D57C54D2ABDA335004C38E7 /* PostModel.swift in Sources */,
				5D57C5422ABC73A8004C38E7 /* NotificationView.swift in Sources */,
				5D50E8E82B36E86100048370 /* WeatherInfoSwing.swift in Sources */,
				5DEA95F42C0B6572001C86C0 /* PaintsInfo.swift in Sources */,
				5D7931252B4990FB00A1335E /* BedRoomView.swift in Sources */,
				5DEA95F72C0B66C8001C86C0 /* HomeListView.swift in Sources */,
				5D710DE42B38DABB0096BDE5 /* MiddleFingerPopUp.swift in Sources */,
				5D6C39A32AC16F7800F58D7B /* SnowingAnimation.swift in Sources */,
				5DEA95F22C0B649B001C86C0 /* RoomListview.swift in Sources */,
				5D57C5472ABC7ABE004C38E7 /* Combine.swift in Sources */,
				5D57C54F2ABDA36C004C38E7 /* DownloadVM.swift in Sources */,
				5D27D6E32BC0411A005737B1 /* AsyncButton.swift in Sources */,
				5DEA95F02C0B646D001C86C0 /* RoomDetailView.swift in Sources */,
				5DEA95F92C0BB443001C86C0 /* SwiftUIView.swift in Sources */,
				5D57C5442ABC78EE004C38E7 /* CounterView.swift in Sources */,
				5DA5C0882ACC243700862E11 /* MatchedGeometryEffect.swift in Sources */,
				5D29FCBD2B38D26C001093FC /* ChristmasTree2.swift in Sources */,
				5D7931212B4990CC00A1335E /* HomeView.swift in Sources */,
				5D50E8E42B36DBD100048370 /* Triangle.swift in Sources */,
			);
			runOnlyForDeploymentPostprocessing = 0;
		};
/* End PBXSourcesBuildPhase section */

/* Begin XCBuildConfiguration section */
		5D57C53C2ABC6D6F004C38E7 /* Debug */ = {
			isa = XCBuildConfiguration;
			buildSettings = {
				ALWAYS_SEARCH_USER_PATHS = NO;
				ASSETCATALOG_COMPILER_GENERATE_SWIFT_ASSET_SYMBOL_EXTENSIONS = YES;
				CLANG_ANALYZER_NONNULL = YES;
				CLANG_ANALYZER_NUMBER_OBJECT_CONVERSION = YES_AGGRESSIVE;
				CLANG_CXX_LANGUAGE_STANDARD = "gnu++20";
				CLANG_ENABLE_MODULES = YES;
				CLANG_ENABLE_OBJC_ARC = YES;
				CLANG_ENABLE_OBJC_WEAK = YES;
				CLANG_WARN_BLOCK_CAPTURE_AUTORELEASING = YES;
				CLANG_WARN_BOOL_CONVERSION = YES;
				CLANG_WARN_COMMA = YES;
				CLANG_WARN_CONSTANT_CONVERSION = YES;
				CLANG_WARN_DEPRECATED_OBJC_IMPLEMENTATIONS = YES;
				CLANG_WARN_DIRECT_OBJC_ISA_USAGE = YES_ERROR;
				CLANG_WARN_DOCUMENTATION_COMMENTS = YES;
				CLANG_WARN_EMPTY_BODY = YES;
				CLANG_WARN_ENUM_CONVERSION = YES;
				CLANG_WARN_INFINITE_RECURSION = YES;
				CLANG_WARN_INT_CONVERSION = YES;
				CLANG_WARN_NON_LITERAL_NULL_CONVERSION = YES;
				CLANG_WARN_OBJC_IMPLICIT_RETAIN_SELF = YES;
				CLANG_WARN_OBJC_LITERAL_CONVERSION = YES;
				CLANG_WARN_OBJC_ROOT_CLASS = YES_ERROR;
				CLANG_WARN_QUOTED_INCLUDE_IN_FRAMEWORK_HEADER = YES;
				CLANG_WARN_RANGE_LOOP_ANALYSIS = YES;
				CLANG_WARN_STRICT_PROTOTYPES = YES;
				CLANG_WARN_SUSPICIOUS_MOVE = YES;
				CLANG_WARN_UNGUARDED_AVAILABILITY = YES_AGGRESSIVE;
				CLANG_WARN_UNREACHABLE_CODE = YES;
				CLANG_WARN__DUPLICATE_METHOD_MATCH = YES;
				COPY_PHASE_STRIP = NO;
				DEBUG_INFORMATION_FORMAT = dwarf;
				ENABLE_STRICT_OBJC_MSGSEND = YES;
				ENABLE_TESTABILITY = YES;
				ENABLE_USER_SCRIPT_SANDBOXING = YES;
				GCC_C_LANGUAGE_STANDARD = gnu17;
				GCC_DYNAMIC_NO_PIC = NO;
				GCC_NO_COMMON_BLOCKS = YES;
				GCC_OPTIMIZATION_LEVEL = 0;
				GCC_PREPROCESSOR_DEFINITIONS = (
					"DEBUG=1",
					"$(inherited)",
				);
				GCC_WARN_64_TO_32_BIT_CONVERSION = YES;
				GCC_WARN_ABOUT_RETURN_TYPE = YES_ERROR;
				GCC_WARN_UNDECLARED_SELECTOR = YES;
				GCC_WARN_UNINITIALIZED_AUTOS = YES_AGGRESSIVE;
				GCC_WARN_UNUSED_FUNCTION = YES;
				GCC_WARN_UNUSED_VARIABLE = YES;
				IPHONEOS_DEPLOYMENT_TARGET = 17.0;
				LOCALIZATION_PREFERS_STRING_CATALOGS = YES;
				MTL_ENABLE_DEBUG_INFO = INCLUDE_SOURCE;
				MTL_FAST_MATH = YES;
				ONLY_ACTIVE_ARCH = YES;
				SDKROOT = iphoneos;
				SWIFT_ACTIVE_COMPILATION_CONDITIONS = "DEBUG $(inherited)";
				SWIFT_OPTIMIZATION_LEVEL = "-Onone";
			};
			name = Debug;
		};
		5D57C53D2ABC6D6F004C38E7 /* Release */ = {
			isa = XCBuildConfiguration;
			buildSettings = {
				ALWAYS_SEARCH_USER_PATHS = NO;
				ASSETCATALOG_COMPILER_GENERATE_SWIFT_ASSET_SYMBOL_EXTENSIONS = YES;
				CLANG_ANALYZER_NONNULL = YES;
				CLANG_ANALYZER_NUMBER_OBJECT_CONVERSION = YES_AGGRESSIVE;
				CLANG_CXX_LANGUAGE_STANDARD = "gnu++20";
				CLANG_ENABLE_MODULES = YES;
				CLANG_ENABLE_OBJC_ARC = YES;
				CLANG_ENABLE_OBJC_WEAK = YES;
				CLANG_WARN_BLOCK_CAPTURE_AUTORELEASING = YES;
				CLANG_WARN_BOOL_CONVERSION = YES;
				CLANG_WARN_COMMA = YES;
				CLANG_WARN_CONSTANT_CONVERSION = YES;
				CLANG_WARN_DEPRECATED_OBJC_IMPLEMENTATIONS = YES;
				CLANG_WARN_DIRECT_OBJC_ISA_USAGE = YES_ERROR;
				CLANG_WARN_DOCUMENTATION_COMMENTS = YES;
				CLANG_WARN_EMPTY_BODY = YES;
				CLANG_WARN_ENUM_CONVERSION = YES;
				CLANG_WARN_INFINITE_RECURSION = YES;
				CLANG_WARN_INT_CONVERSION = YES;
				CLANG_WARN_NON_LITERAL_NULL_CONVERSION = YES;
				CLANG_WARN_OBJC_IMPLICIT_RETAIN_SELF = YES;
				CLANG_WARN_OBJC_LITERAL_CONVERSION = YES;
				CLANG_WARN_OBJC_ROOT_CLASS = YES_ERROR;
				CLANG_WARN_QUOTED_INCLUDE_IN_FRAMEWORK_HEADER = YES;
				CLANG_WARN_RANGE_LOOP_ANALYSIS = YES;
				CLANG_WARN_STRICT_PROTOTYPES = YES;
				CLANG_WARN_SUSPICIOUS_MOVE = YES;
				CLANG_WARN_UNGUARDED_AVAILABILITY = YES_AGGRESSIVE;
				CLANG_WARN_UNREACHABLE_CODE = YES;
				CLANG_WARN__DUPLICATE_METHOD_MATCH = YES;
				COPY_PHASE_STRIP = NO;
				DEBUG_INFORMATION_FORMAT = "dwarf-with-dsym";
				ENABLE_NS_ASSERTIONS = NO;
				ENABLE_STRICT_OBJC_MSGSEND = YES;
				ENABLE_USER_SCRIPT_SANDBOXING = YES;
				GCC_C_LANGUAGE_STANDARD = gnu17;
				GCC_NO_COMMON_BLOCKS = YES;
				GCC_WARN_64_TO_32_BIT_CONVERSION = YES;
				GCC_WARN_ABOUT_RETURN_TYPE = YES_ERROR;
				GCC_WARN_UNDECLARED_SELECTOR = YES;
				GCC_WARN_UNINITIALIZED_AUTOS = YES_AGGRESSIVE;
				GCC_WARN_UNUSED_FUNCTION = YES;
				GCC_WARN_UNUSED_VARIABLE = YES;
				IPHONEOS_DEPLOYMENT_TARGET = 17.0;
				LOCALIZATION_PREFERS_STRING_CATALOGS = YES;
				MTL_ENABLE_DEBUG_INFO = NO;
				MTL_FAST_MATH = YES;
				SDKROOT = iphoneos;
				SWIFT_COMPILATION_MODE = wholemodule;
				VALIDATE_PRODUCT = YES;
			};
			name = Release;
		};
		5D57C53F2ABC6D6F004C38E7 /* Debug */ = {
			isa = XCBuildConfiguration;
			buildSettings = {
				ASSETCATALOG_COMPILER_APPICON_NAME = AppIcon;
				ASSETCATALOG_COMPILER_GLOBAL_ACCENT_COLOR_NAME = AccentColor;
				CODE_SIGN_STYLE = Automatic;
				CURRENT_PROJECT_VERSION = 1;
				DEVELOPMENT_ASSET_PATHS = "\"SwiftUIPractice/Preview Content\"";
				DEVELOPMENT_TEAM = N6PQF93RKP;
				ENABLE_PREVIEWS = YES;
				GENERATE_INFOPLIST_FILE = YES;
				INFOPLIST_KEY_UIApplicationSceneManifest_Generation = YES;
				INFOPLIST_KEY_UIApplicationSupportsIndirectInputEvents = YES;
				INFOPLIST_KEY_UILaunchScreen_Generation = YES;
				INFOPLIST_KEY_UISupportedInterfaceOrientations_iPad = "UIInterfaceOrientationPortrait UIInterfaceOrientationPortraitUpsideDown UIInterfaceOrientationLandscapeLeft UIInterfaceOrientationLandscapeRight";
				INFOPLIST_KEY_UISupportedInterfaceOrientations_iPhone = "UIInterfaceOrientationPortrait UIInterfaceOrientationLandscapeLeft UIInterfaceOrientationLandscapeRight";
				LD_RUNPATH_SEARCH_PATHS = (
					"$(inherited)",
					"@executable_path/Frameworks",
				);
				MARKETING_VERSION = 1.0;
				PRODUCT_BUNDLE_IDENTIFIER = com.nat.SwiftUIPractice;
				PRODUCT_NAME = "$(TARGET_NAME)";
				SWIFT_EMIT_LOC_STRINGS = YES;
				SWIFT_VERSION = 5.0;
				TARGETED_DEVICE_FAMILY = "1,2";
			};
			name = Debug;
		};
		5D57C5402ABC6D6F004C38E7 /* Release */ = {
			isa = XCBuildConfiguration;
			buildSettings = {
				ASSETCATALOG_COMPILER_APPICON_NAME = AppIcon;
				ASSETCATALOG_COMPILER_GLOBAL_ACCENT_COLOR_NAME = AccentColor;
				CODE_SIGN_STYLE = Automatic;
				CURRENT_PROJECT_VERSION = 1;
				DEVELOPMENT_ASSET_PATHS = "\"SwiftUIPractice/Preview Content\"";
				DEVELOPMENT_TEAM = N6PQF93RKP;
				ENABLE_PREVIEWS = YES;
				GENERATE_INFOPLIST_FILE = YES;
				INFOPLIST_KEY_UIApplicationSceneManifest_Generation = YES;
				INFOPLIST_KEY_UIApplicationSupportsIndirectInputEvents = YES;
				INFOPLIST_KEY_UILaunchScreen_Generation = YES;
				INFOPLIST_KEY_UISupportedInterfaceOrientations_iPad = "UIInterfaceOrientationPortrait UIInterfaceOrientationPortraitUpsideDown UIInterfaceOrientationLandscapeLeft UIInterfaceOrientationLandscapeRight";
				INFOPLIST_KEY_UISupportedInterfaceOrientations_iPhone = "UIInterfaceOrientationPortrait UIInterfaceOrientationLandscapeLeft UIInterfaceOrientationLandscapeRight";
				LD_RUNPATH_SEARCH_PATHS = (
					"$(inherited)",
					"@executable_path/Frameworks",
				);
				MARKETING_VERSION = 1.0;
				PRODUCT_BUNDLE_IDENTIFIER = com.nat.SwiftUIPractice;
				PRODUCT_NAME = "$(TARGET_NAME)";
				SWIFT_EMIT_LOC_STRINGS = YES;
				SWIFT_VERSION = 5.0;
				TARGETED_DEVICE_FAMILY = "1,2";
			};
			name = Release;
		};
/* End XCBuildConfiguration section */

/* Begin XCConfigurationList section */
		5D57C52B2ABC6D6E004C38E7 /* Build configuration list for PBXProject "SwiftUIPractice" */ = {
			isa = XCConfigurationList;
			buildConfigurations = (
				5D57C53C2ABC6D6F004C38E7 /* Debug */,
				5D57C53D2ABC6D6F004C38E7 /* Release */,
			);
			defaultConfigurationIsVisible = 0;
			defaultConfigurationName = Release;
		};
		5D57C53E2ABC6D6F004C38E7 /* Build configuration list for PBXNativeTarget "SwiftUIPractice" */ = {
			isa = XCConfigurationList;
			buildConfigurations = (
				5D57C53F2ABC6D6F004C38E7 /* Debug */,
				5D57C5402ABC6D6F004C38E7 /* Release */,
			);
			defaultConfigurationIsVisible = 0;
			defaultConfigurationName = Release;
		};
/* End XCConfigurationList section */
	};
	rootObject = 5D57C5282ABC6D6E004C38E7 /* Project object */;
}
